// !$*UTF8*$!
{
	archiveVersion = 1;
	classes = {
	};
	objectVersion = 46;
	objects = {

/* Begin PBXBuildFile section */
		C31F25AE1BB44C4C00CD5BE5 /* main.m in Sources */ = {isa = PBXBuildFile; fileRef = C31F25AD1BB44C4C00CD5BE5 /* main.m */; };
		C31F25B11BB44C4C00CD5BE5 /* AppDelegate.m in Sources */ = {isa = PBXBuildFile; fileRef = C31F25B01BB44C4C00CD5BE5 /* AppDelegate.m */; };
		C31F25B41BB44C4C00CD5BE5 /* InterfaceBiuld__.xcdatamodeld in Sources */ = {isa = PBXBuildFile; fileRef = C31F25B21BB44C4C00CD5BE5 /* InterfaceBiuld__.xcdatamodeld */; };
		C31F25B71BB44C4C00CD5BE5 /* ViewController.m in Sources */ = {isa = PBXBuildFile; fileRef = C31F25B61BB44C4C00CD5BE5 /* ViewController.m */; };
		C31F25BA1BB44C4C00CD5BE5 /* Main.storyboard in Resources */ = {isa = PBXBuildFile; fileRef = C31F25B81BB44C4C00CD5BE5 /* Main.storyboard */; };
		C31F25BC1BB44C4C00CD5BE5 /* Images.xcassets in Resources */ = {isa = PBXBuildFile; fileRef = C31F25BB1BB44C4C00CD5BE5 /* Images.xcassets */; };
		C31F25BF1BB44C4C00CD5BE5 /* LaunchScreen.xib in Resources */ = {isa = PBXBuildFile; fileRef = C31F25BD1BB44C4C00CD5BE5 /* LaunchScreen.xib */; };
		C31F25CB1BB44C4C00CD5BE5 /* InterfaceBiuld__Tests.m in Sources */ = {isa = PBXBuildFile; fileRef = C31F25CA1BB44C4C00CD5BE5 /* InterfaceBiuld__Tests.m */; };
		C31F25D61BB44EB200CD5BE5 /* SecondControlerViewController.m in Sources */ = {isa = PBXBuildFile; fileRef = C31F25D51BB44EB200CD5BE5 /* SecondControlerViewController.m */; };
		C31F25DA1BB4539200CD5BE5 /* TestXibViewController.m in Sources */ = {isa = PBXBuildFile; fileRef = C31F25D81BB4539200CD5BE5 /* TestXibViewController.m */; };
		C31F25DB1BB4539200CD5BE5 /* TestXibViewController.xib in Resources */ = {isa = PBXBuildFile; fileRef = C31F25D91BB4539200CD5BE5 /* TestXibViewController.xib */; };
/* End PBXBuildFile section */

/* Begin PBXContainerItemProxy section */
		C31F25C51BB44C4C00CD5BE5 /* PBXContainerItemProxy */ = {
			isa = PBXContainerItemProxy;
			containerPortal = C31F25A01BB44C4C00CD5BE5 /* Project object */;
			proxyType = 1;
			remoteGlobalIDString = C31F25A71BB44C4C00CD5BE5;
			remoteInfo = "InterfaceBiuld使用";
		};
/* End PBXContainerItemProxy section */

/* Begin PBXFileReference section */
		C31F25A81BB44C4C00CD5BE5 /* InterfaceBiuld使用.app */ = {isa = PBXFileReference; explicitFileType = wrapper.application; includeInIndex = 0; path = "InterfaceBiuld使用.app"; sourceTree = BUILT_PRODUCTS_DIR; };
		C31F25AC1BB44C4C00CD5BE5 /* Info.plist */ = {isa = PBXFileReference; lastKnownFileType = text.plist.xml; path = Info.plist; sourceTree = "<group>"; };
		C31F25AD1BB44C4C00CD5BE5 /* main.m */ = {isa = PBXFileReference; lastKnownFileType = sourcecode.c.objc; path = main.m; sourceTree = "<group>"; };
		C31F25AF1BB44C4C00CD5BE5 /* AppDelegate.h */ = {isa = PBXFileReference; lastKnownFileType = sourcecode.c.h; path = AppDelegate.h; sourceTree = "<group>"; };
		C31F25B01BB44C4C00CD5BE5 /* AppDelegate.m */ = {isa = PBXFileReference; lastKnownFileType = sourcecode.c.objc; path = AppDelegate.m; sourceTree = "<group>"; };
		C31F25B31BB44C4C00CD5BE5 /* InterfaceBiuld__.xcdatamodel */ = {isa = PBXFileReference; lastKnownFileType = wrapper.xcdatamodel; path = InterfaceBiuld__.xcdatamodel; sourceTree = "<group>"; };
		C31F25B51BB44C4C00CD5BE5 /* ViewController.h */ = {isa = PBXFileReference; lastKnownFileType = sourcecode.c.h; path = ViewController.h; sourceTree = "<group>"; };
		C31F25B61BB44C4C00CD5BE5 /* ViewController.m */ = {isa = PBXFileReference; lastKnownFileType = sourcecode.c.objc; path = ViewController.m; sourceTree = "<group>"; };
		C31F25B91BB44C4C00CD5BE5 /* Base */ = {isa = PBXFileReference; lastKnownFileType = file.storyboard; name = Base; path = Base.lproj/Main.storyboard; sourceTree = "<group>"; };
		C31F25BB1BB44C4C00CD5BE5 /* Images.xcassets */ = {isa = PBXFileReference; lastKnownFileType = folder.assetcatalog; path = Images.xcassets; sourceTree = "<group>"; };
		C31F25BE1BB44C4C00CD5BE5 /* Base */ = {isa = PBXFileReference; lastKnownFileType = file.xib; name = Base; path = Base.lproj/LaunchScreen.xib; sourceTree = "<group>"; };
		C31F25C41BB44C4C00CD5BE5 /* InterfaceBiuld使用Tests.xctest */ = {isa = PBXFileReference; explicitFileType = wrapper.cfbundle; includeInIndex = 0; path = "InterfaceBiuld使用Tests.xctest"; sourceTree = BUILT_PRODUCTS_DIR; };
		C31F25C91BB44C4C00CD5BE5 /* Info.plist */ = {isa = PBXFileReference; lastKnownFileType = text.plist.xml; path = Info.plist; sourceTree = "<group>"; };
		C31F25CA1BB44C4C00CD5BE5 /* InterfaceBiuld__Tests.m */ = {isa = PBXFileReference; lastKnownFileType = sourcecode.c.objc; path = InterfaceBiuld__Tests.m; sourceTree = "<group>"; };
		C31F25D41BB44EB200CD5BE5 /* SecondControlerViewController.h */ = {isa = PBXFileReference; fileEncoding = 4; lastKnownFileType = sourcecode.c.h; path = SecondControlerViewController.h; sourceTree = "<group>"; };
		C31F25D51BB44EB200CD5BE5 /* SecondControlerViewController.m */ = {isa = PBXFileReference; fileEncoding = 4; lastKnownFileType = sourcecode.c.objc; path = SecondControlerViewController.m; sourceTree = "<group>"; };
		C31F25D71BB4539200CD5BE5 /* TestXibViewController.h */ = {isa = PBXFileReference; fileEncoding = 4; lastKnownFileType = sourcecode.c.h; path = TestXibViewController.h; sourceTree = "<group>"; };
		C31F25D81BB4539200CD5BE5 /* TestXibViewController.m */ = {isa = PBXFileReference; fileEncoding = 4; lastKnownFileType = sourcecode.c.objc; path = TestXibViewController.m; sourceTree = "<group>"; };
		C31F25D91BB4539200CD5BE5 /* TestXibViewController.xib */ = {isa = PBXFileReference; fileEncoding = 4; lastKnownFileType = file.xib; path = TestXibViewController.xib; sourceTree = "<group>"; };
/* End PBXFileReference section */

/* Begin PBXFrameworksBuildPhase section */
		C31F25A51BB44C4C00CD5BE5 /* Frameworks */ = {
			isa = PBXFrameworksBuildPhase;
			buildActionMask = 2147483647;
			files = (
			);
			runOnlyForDeploymentPostprocessing = 0;
		};
		C31F25C11BB44C4C00CD5BE5 /* Frameworks */ = {
			isa = PBXFrameworksBuildPhase;
			buildActionMask = 2147483647;
			files = (
			);
			runOnlyForDeploymentPostprocessing = 0;
		};
/* End PBXFrameworksBuildPhase section */

/* Begin PBXGroup section */
		C31F259F1BB44C4C00CD5BE5 = {
			isa = PBXGroup;
			children = (
				C31F25AA1BB44C4C00CD5BE5 /* InterfaceBiuld使用 */,
				C31F25C71BB44C4C00CD5BE5 /* InterfaceBiuld使用Tests */,
				C31F25A91BB44C4C00CD5BE5 /* Products */,
			);
			sourceTree = "<group>";
		};
		C31F25A91BB44C4C00CD5BE5 /* Products */ = {
			isa = PBXGroup;
			children = (
				C31F25A81BB44C4C00CD5BE5 /* InterfaceBiuld使用.app */,
				C31F25C41BB44C4C00CD5BE5 /* InterfaceBiuld使用Tests.xctest */,
			);
			name = Products;
			sourceTree = "<group>";
		};
		C31F25AA1BB44C4C00CD5BE5 /* InterfaceBiuld使用 */ = {
			isa = PBXGroup;
			children = (
				C31F25AF1BB44C4C00CD5BE5 /* AppDelegate.h */,
				C31F25B01BB44C4C00CD5BE5 /* AppDelegate.m */,
				C31F25B51BB44C4C00CD5BE5 /* ViewController.h */,
				C31F25B61BB44C4C00CD5BE5 /* ViewController.m */,
				C31F25D71BB4539200CD5BE5 /* TestXibViewController.h */,
				C31F25D81BB4539200CD5BE5 /* TestXibViewController.m */,
				C31F25D91BB4539200CD5BE5 /* TestXibViewController.xib */,
				C31F25B81BB44C4C00CD5BE5 /* Main.storyboard */,
				C31F25D41BB44EB200CD5BE5 /* SecondControlerViewController.h */,
				C31F25D51BB44EB200CD5BE5 /* SecondControlerViewController.m */,
				C31F25BB1BB44C4C00CD5BE5 /* Images.xcassets */,
				C31F25BD1BB44C4C00CD5BE5 /* LaunchScreen.xib */,
				C31F25B21BB44C4C00CD5BE5 /* InterfaceBiuld__.xcdatamodeld */,
				C31F25AB1BB44C4C00CD5BE5 /* Supporting Files */,
			);
			path = "InterfaceBiuld使用";
			sourceTree = "<group>";
		};
		C31F25AB1BB44C4C00CD5BE5 /* Supporting Files */ = {
			isa = PBXGroup;
			children = (
				C31F25AC1BB44C4C00CD5BE5 /* Info.plist */,
				C31F25AD1BB44C4C00CD5BE5 /* main.m */,
			);
			name = "Supporting Files";
			sourceTree = "<group>";
		};
		C31F25C71BB44C4C00CD5BE5 /* InterfaceBiuld使用Tests */ = {
			isa = PBXGroup;
			children = (
				C31F25CA1BB44C4C00CD5BE5 /* InterfaceBiuld__Tests.m */,
				C31F25C81BB44C4C00CD5BE5 /* Supporting Files */,
			);
			path = "InterfaceBiuld使用Tests";
			sourceTree = "<group>";
		};
		C31F25C81BB44C4C00CD5BE5 /* Supporting Files */ = {
			isa = PBXGroup;
			children = (
				C31F25C91BB44C4C00CD5BE5 /* Info.plist */,
			);
			name = "Supporting Files";
			sourceTree = "<group>";
		};
/* End PBXGroup section */

/* Begin PBXNativeTarget section */
		C31F25A71BB44C4C00CD5BE5 /* InterfaceBiuld使用 */ = {
			isa = PBXNativeTarget;
			buildConfigurationList = C31F25CE1BB44C4C00CD5BE5 /* Build configuration list for PBXNativeTarget "InterfaceBiuld使用" */;
			buildPhases = (
				C31F25A41BB44C4C00CD5BE5 /* Sources */,
				C31F25A51BB44C4C00CD5BE5 /* Frameworks */,
				C31F25A61BB44C4C00CD5BE5 /* Resources */,
			);
			buildRules = (
			);
			dependencies = (
			);
			name = "InterfaceBiuld使用";
			productName = "InterfaceBiuld使用";
			productReference = C31F25A81BB44C4C00CD5BE5 /* InterfaceBiuld使用.app */;
			productType = "com.apple.product-type.application";
		};
		C31F25C31BB44C4C00CD5BE5 /* InterfaceBiuld使用Tests */ = {
			isa = PBXNativeTarget;
			buildConfigurationList = C31F25D11BB44C4C00CD5BE5 /* Build configuration list for PBXNativeTarget "InterfaceBiuld使用Tests" */;
			buildPhases = (
				C31F25C01BB44C4C00CD5BE5 /* Sources */,
				C31F25C11BB44C4C00CD5BE5 /* Frameworks */,
				C31F25C21BB44C4C00CD5BE5 /* Resources */,
			);
			buildRules = (
			);
			dependencies = (
				C31F25C61BB44C4C00CD5BE5 /* PBXTargetDependency */,
			);
			name = "InterfaceBiuld使用Tests";
			productName = "InterfaceBiuld使用Tests";
			productReference = C31F25C41BB44C4C00CD5BE5 /* InterfaceBiuld使用Tests.xctest */;
			productType = "com.apple.product-type.bundle.unit-test";
		};
/* End PBXNativeTarget section */

/* Begin PBXProject section */
		C31F25A01BB44C4C00CD5BE5 /* Project object */ = {
			isa = PBXProject;
			attributes = {
				LastUpgradeCheck = 0640;
				ORGANIZATIONNAME = "弥超";
				TargetAttributes = {
					C31F25A71BB44C4C00CD5BE5 = {
						CreatedOnToolsVersion = 6.4;
					};
					C31F25C31BB44C4C00CD5BE5 = {
						CreatedOnToolsVersion = 6.4;
						TestTargetID = C31F25A71BB44C4C00CD5BE5;
					};
				};
			};
			buildConfigurationList = C31F25A31BB44C4C00CD5BE5 /* Build configuration list for PBXProject "InterfaceBiuld使用" */;
			compatibilityVersion = "Xcode 3.2";
			developmentRegion = English;
			hasScannedForEncodings = 0;
			knownRegions = (
				en,
				Base,
			);
			mainGroup = C31F259F1BB44C4C00CD5BE5;
			productRefGroup = C31F25A91BB44C4C00CD5BE5 /* Products */;
			projectDirPath = "";
			projectRoot = "";
			targets = (
				C31F25A71BB44C4C00CD5BE5 /* InterfaceBiuld使用 */,
				C31F25C31BB44C4C00CD5BE5 /* InterfaceBiuld使用Tests */,
			);
		};
/* End PBXProject section */

/* Begin PBXResourcesBuildPhase section */
		C31F25A61BB44C4C00CD5BE5 /* Resources */ = {
			isa = PBXResourcesBuildPhase;
			buildActionMask = 2147483647;
			files = (
				C31F25DB1BB4539200CD5BE5 /* TestXibViewController.xib in Resources */,
				C31F25BA1BB44C4C00CD5BE5 /* Main.storyboard in Resources */,
				C31F25BF1BB44C4C00CD5BE5 /* LaunchScreen.xib in Resources */,
				C31F25BC1BB44C4C00CD5BE5 /* Images.xcassets in Resources */,
			);
			runOnlyForDeploymentPostprocessing = 0;
		};
		C31F25C21BB44C4C00CD5BE5 /* Resources */ = {
			isa = PBXResourcesBuildPhase;
			buildActionMask = 2147483647;
			files = (
			);
			runOnlyForDeploymentPostprocessing = 0;
		};
/* End PBXResourcesBuildPhase section */

/* Begin PBXSourcesBuildPhase section */
		C31F25A41BB44C4C00CD5BE5 /* Sources */ = {
			isa = PBXSourcesBuildPhase;
			buildActionMask = 2147483647;
			files = (
				C31F25DA1BB4539200CD5BE5 /* TestXibViewController.m in Sources */,
				C31F25D61BB44EB200CD5BE5 /* SecondControlerViewController.m in Sources */,
				C31F25B11BB44C4C00CD5BE5 /* AppDelegate.m in Sources */,
				C31F25AE1BB44C4C00CD5BE5 /* main.m in Sources */,
				C31F25B71BB44C4C00CD5BE5 /* ViewController.m in Sources */,
				C31F25B41BB44C4C00CD5BE5 /* InterfaceBiuld__.xcdatamodeld in Sources */,
			);
			runOnlyForDeploymentPostprocessing = 0;
		};
		C31F25C01BB44C4C00CD5BE5 /* Sources */ = {
			isa = PBXSourcesBuildPhase;
			buildActionMask = 2147483647;
			files = (
				C31F25CB1BB44C4C00CD5BE5 /* InterfaceBiuld__Tests.m in Sources */,
			);
			runOnlyForDeploymentPostprocessing = 0;
		};
/* End PBXSourcesBuildPhase section */

/* Begin PBXTargetDependency section */
		C31F25C61BB44C4C00CD5BE5 /* PBXTargetDependency */ = {
			isa = PBXTargetDependency;
			target = C31F25A71BB44C4C00CD5BE5 /* InterfaceBiuld使用 */;
			targetProxy = C31F25C51BB44C4C00CD5BE5 /* PBXContainerItemProxy */;
		};
/* End PBXTargetDependency section */

/* Begin PBXVariantGroup section */
		C31F25B81BB44C4C00CD5BE5 /* Main.storyboard */ = {
			isa = PBXVariantGroup;
			children = (
				C31F25B91BB44C4C00CD5BE5 /* Base */,
			);
			name = Main.storyboard;
			sourceTree = "<group>";
		};
		C31F25BD1BB44C4C00CD5BE5 /* LaunchScreen.xib */ = {
			isa = PBXVariantGroup;
			children = (
				C31F25BE1BB44C4C00CD5BE5 /* Base */,
			);
			name = LaunchScreen.xib;
			sourceTree = "<group>";
		};
/* End PBXVariantGroup section */

/* Begin XCBuildConfiguration section */
		C31F25CC1BB44C4C00CD5BE5 /* Debug */ = {
			isa = XCBuildConfiguration;
			buildSettings = {
				ALWAYS_SEARCH_USER_PATHS = NO;
				CLANG_CXX_LANGUAGE_STANDARD = "gnu++0x";
				CLANG_CXX_LIBRARY = "libc++";
				CLANG_ENABLE_MODULES = YES;
				CLANG_ENABLE_OBJC_ARC = YES;
				CLANG_WARN_BOOL_CONVERSION = YES;
				CLANG_WARN_CONSTANT_CONVERSION = YES;
				CLANG_WARN_DIRECT_OBJC_ISA_USAGE = YES_ERROR;
				CLANG_WARN_EMPTY_BODY = YES;
				CLANG_WARN_ENUM_CONVERSION = YES;
				CLANG_WARN_INT_CONVERSION = YES;
				CLANG_WARN_OBJC_ROOT_CLASS = YES_ERROR;
				CLANG_WARN_UNREACHABLE_CODE = YES;
				CLANG_WARN__DUPLICATE_METHOD_MATCH = YES;
				"CODE_SIGN_IDENTITY[sdk=iphoneos*]" = "iPhone Developer";
				COPY_PHASE_STRIP = NO;
				DEBUG_INFORMATION_FORMAT = "dwarf-with-dsym";
				ENABLE_STRICT_OBJC_MSGSEND = YES;
				GCC_C_LANGUAGE_STANDARD = gnu99;
				GCC_DYNAMIC_NO_PIC = NO;
				GCC_NO_COMMON_BLOCKS = YES;
				GCC_OPTIMIZATION_LEVEL = 0;
				GCC_PREPROCESSOR_DEFINITIONS = (
					"DEBUG=1",
					"$(inherited)",
				);
				GCC_SYMBOLS_PRIVATE_EXTERN = NO;
				GCC_WARN_64_TO_32_BIT_CONVERSION = YES;
				GCC_WARN_ABOUT_RETURN_TYPE = YES_ERROR;
				GCC_WARN_UNDECLARED_SELECTOR = YES;
				GCC_WARN_UNINITIALIZED_AUTOS = YES_AGGRESSIVE;
				GCC_WARN_UNUSED_FUNCTION = YES;
				GCC_WARN_UNUSED_VARIABLE = YES;
				IPHONEOS_DEPLOYMENT_TARGET = 8.4;
				MTL_ENABLE_DEBUG_INFO = YES;
				ONLY_ACTIVE_ARCH = YES;
				SDKROOT = iphoneos;
			};
			name = Debug;
		};
		C31F25CD1BB44C4C00CD5BE5 /* Release */ = {
			isa = XCBuildConfiguration;
			buildSettings = {
				ALWAYS_SEARCH_USER_PATHS = NO;
				CLANG_CXX_LANGUAGE_STANDARD = "gnu++0x";
				CLANG_CXX_LIBRARY = "libc++";
				CLANG_ENABLE_MODULES = YES;
				CLANG_ENABLE_OBJC_ARC = YES;
				CLANG_WARN_BOOL_CONVERSION = YES;
				CLANG_WARN_CONSTANT_CONVERSION = YES;
				CLANG_WARN_DIRECT_OBJC_ISA_USAGE = YES_ERROR;
				CLANG_WARN_EMPTY_BODY = YES;
				CLANG_WARN_ENUM_CONVERSION = YES;
				CLANG_WARN_INT_CONVERSION = YES;
				CLANG_WARN_OBJC_ROOT_CLASS = YES_ERROR;
				CLANG_WARN_UNREACHABLE_CODE = YES;
				CLANG_WARN__DUPLICATE_METHOD_MATCH = YES;
				"CODE_SIGN_IDENTITY[sdk=iphoneos*]" = "iPhone Developer";
				COPY_PHASE_STRIP = NO;
				DEBUG_INFORMATION_FORMAT = "dwarf-with-dsym";
				ENABLE_NS_ASSERTIONS = NO;
				ENABLE_STRICT_OBJC_MSGSEND = YES;
				GCC_C_LANGUAGE_STANDARD = gnu99;
				GCC_NO_COMMON_BLOCKS = YES;
				GCC_WARN_64_TO_32_BIT_CONVERSION = YES;
				GCC_WARN_ABOUT_RETURN_TYPE = YES_ERROR;
				GCC_WARN_UNDECLARED_SELECTOR = YES;
				GCC_WARN_UNINITIALIZED_AUTOS = YES_AGGRESSIVE;
				GCC_WARN_UNUSED_FUNCTION = YES;
				GCC_WARN_UNUSED_VARIABLE = YES;
				IPHONEOS_DEPLOYMENT_TARGET = 8.4;
				MTL_ENABLE_DEBUG_INFO = NO;
				SDKROOT = iphoneos;
				VALIDATE_PRODUCT = YES;
			};
			name = Release;
		};
		C31F25CF1BB44C4C00CD5BE5 /* Debug */ = {
			isa = XCBuildConfiguration;
			buildSettings = {
				ASSETCATALOG_COMPILER_APPICON_NAME = AppIcon;
				INFOPLIST_FILE = "InterfaceBiuld使用/Info.plist";
				LD_RUNPATH_SEARCH_PATHS = "$(inherited) @executable_path/Frameworks";
				PRODUCT_NAME = "$(TARGET_NAME)";
			};
			name = Debug;
		};
		C31F25D01BB44C4C00CD5BE5 /* Release */ = {
			isa = XCBuildConfiguration;
			buildSettings = {
				ASSETCATALOG_COMPILER_APPICON_NAME = AppIcon;
				INFOPLIST_FILE = "InterfaceBiuld使用/Info.plist";
				LD_RUNPATH_SEARCH_PATHS = "$(inherited) @executable_path/Frameworks";
				PRODUCT_NAME = "$(TARGET_NAME)";
			};
			name = Release;
		};
		C31F25D21BB44C4C00CD5BE5 /* Debug */ = {
			isa = XCBuildConfiguration;
			buildSettings = {
				BUNDLE_LOADER = "$(TEST_HOST)";
				FRAMEWORK_SEARCH_PATHS = (
					"$(SDKROOT)/Developer/Library/Frameworks",
					"$(inherited)",
				);
				GCC_PREPROCESSOR_DEFINITIONS = (
					"DEBUG=1",
					"$(inherited)",
				);
				INFOPLIST_FILE = "InterfaceBiuld使用Tests/Info.plist";
				LD_RUNPATH_SEARCH_PATHS = "$(inherited) @executable_path/Frameworks @loader_path/Frameworks";
				PRODUCT_NAME = "$(TARGET_NAME)";
				TEST_HOST = "$(BUILT_PRODUCTS_DIR)/InterfaceBiuld使用.app/InterfaceBiuld使用";
			};
			name = Debug;
		};
		C31F25D31BB44C4C00CD5BE5 /* Release */ = {
			isa = XCBuildConfiguration;
			buildSettings = {
				BUNDLE_LOADER = "$(TEST_HOST)";
				FRAMEWORK_SEARCH_PATHS = (
					"$(SDKROOT)/Developer/Library/Frameworks",
					"$(inherited)",
				);
				INFOPLIST_FILE = "InterfaceBiuld使用Tests/Info.plist";
				LD_RUNPATH_SEARCH_PATHS = "$(inherited) @executable_path/Frameworks @loader_path/Frameworks";
				PRODUCT_NAME = "$(TARGET_NAME)";
				TEST_HOST = "$(BUILT_PRODUCTS_DIR)/InterfaceBiuld使用.app/InterfaceBiuld使用";
			};
			name = Release;
		};
/* End XCBuildConfiguration section */

/* Begin XCConfigurationList section */
		C31F25A31BB44C4C00CD5BE5 /* Build configuration list for PBXProject "InterfaceBiuld使用" */ = {
			isa = XCConfigurationList;
			buildConfigurations = (
				C31F25CC1BB44C4C00CD5BE5 /* Debug */,
				C31F25CD1BB44C4C00CD5BE5 /* Release */,
			);
			defaultConfigurationIsVisible = 0;
			defaultConfigurationName = Release;
		};
		C31F25CE1BB44C4C00CD5BE5 /* Build configuration list for PBXNativeTarget "InterfaceBiuld使用" */ = {
			isa = XCConfigurationList;
			buildConfigurations = (
				C31F25CF1BB44C4C00CD5BE5 /* Debug */,
				C31F25D01BB44C4C00CD5BE5 /* Release */,
			);
			defaultConfigurationIsVisible = 0;
		};
		C31F25D11BB44C4C00CD5BE5 /* Build configuration list for PBXNativeTarget "InterfaceBiuld使用Tests" */ = {
			isa = XCConfigurationList;
			buildConfigurations = (
				C31F25D21BB44C4C00CD5BE5 /* Debug */,
				C31F25D31BB44C4C00CD5BE5 /* Release */,
			);
			defaultConfigurationIsVisible = 0;
		};
/* End XCConfigurationList section */

/* Begin XCVersionGroup section */
		C31F25B21BB44C4C00CD5BE5 /* InterfaceBiuld__.xcdatamodeld */ = {
			isa = XCVersionGroup;
			children = (
				C31F25B31BB44C4C00CD5BE5 /* InterfaceBiuld__.xcdatamodel */,
			);
			currentVersion = C31F25B31BB44C4C00CD5BE5 /* InterfaceBiuld__.xcdatamodel */;
			path = InterfaceBiuld__.xcdatamodeld;
			sourceTree = "<group>";
			versionGroupType = wrapper.xcdatamodel;
		};
/* End XCVersionGroup section */
	};
	rootObject = C31F25A01BB44C4C00CD5BE5 /* Project object */;
}
